
Microsoft Visual Studio Solution File, Format Version 12.00
# Visual Studio Version 16
VisualStudioVersion = 16.0.30804.86
MinimumVisualStudioVersion = 10.0.40219.1
Project("{FAE04EC0-301F-11D3-BF4B-00C04F79EFBC}") = "test_encoder_ou_limit_R4_avec_interface_graphique", "test_encoder_ou_limit_R4_avec_interface_graphique.csproj", "{41C35910-AF53-42E5-9ACA-4D74D808FF70}"
EndProject
Global
	GlobalSection(SolutionConfigurationPlatforms) = preSolution
		Debug|Any CPU = Debug|Any CPU
		Release|Any CPU = Release|Any CPU
	EndGlobalSection
	GlobalSection(ProjectConfigurationPlatforms) = postSolution
		{41C35910-AF53-42E5-9ACA-4D74D808FF70}.Debug|Any CPU.ActiveCfg = Debug|Any CPU
		{41C35910-AF53-42E5-9ACA-4D74D808FF70}.Debug|Any CPU.Build.0 = Debug|Any CPU
		{41C35910-AF53-42E5-9ACA-4D74D808FF70}.Release|Any CPU.ActiveCfg = Release|Any CPU
		{41C35910-AF53-42E5-9ACA-4D74D808FF70}.Release|Any CPU.Build.0 = Release|Any CPU
	EndGlobalSection
	GlobalSection(SolutionProperties) = preSolution
		HideSolutionNode = FALSE
	EndGlobalSection
	GlobalSection(ExtensibilityGlobals) = postSolution
		SolutionGuid = {E65B0177-862A-4F43-B1A1-ED03EF1826EB}
	EndGlobalSection
EndGlobal
